# THIS IS AN AUTOGENERATED FILE. DO NOT EDIT THIS FILE DIRECTLY.
# yarn lockfile v1


"@dhruval/dk-icon-button@^2.0.1":
  version "2.0.1"
  resolved "https://registry.yarnpkg.com/@dhruval/dk-icon-button/-/dk-icon-button-2.0.1.tgz#6ca973498fe04fc8bf52e495702f4b8580e99807"
  integrity sha512-OzLuqGVE7q9ldPp0gKp5TDL58t/rnJo+29UNL6xUTZ+3pVpD3iciGgDckseRbaKWr671SH95K3aUv5koiMdZPA==
  dependencies:
    "@dhruval/dk-icon" "^1.0.0"
    "@dhruval/dk-ripple" "^1.0.1"
    lit-element "^2.3.1"

"@dhruval/dk-icon@^1.0.0":
  version "1.0.0"
  resolved "https://registry.yarnpkg.com/@dhruval/dk-icon/-/dk-icon-1.0.0.tgz#c4bd7ce96bbd328bd76e0ced71dddf7920e35e50"
  integrity sha512-YXMLnadLLhW6Z4p8qaGF0srxy4xpLQOC7cz6s/uVs0H8jXyLXjOvW531g5GC2kvyFPSiNtBRhK5pQOv088V2AQ==
  dependencies:
    "@material/mwc-icon" "^0.14.1"
    lit-element "^2.3.1"

"@dhruval/dk-ripple@^1.0.1":
  version "1.0.1"
  resolved "https://registry.yarnpkg.com/@dhruval/dk-ripple/-/dk-ripple-1.0.1.tgz#d41b9e81bd0dacf2a0f7ab9f4279273db365c35a"
  integrity sha512-ik5s6CPAwRACnxF6ZJ2ACsn//eNUpSn7c0YmiS7py50N/3nURklzdUInZolQ/1m5UmFjs4aDbCFhn1WhLkQunA==
  dependencies:
    "@material/ripple" "^6.0.0"
    lit-element "^2.3.1"

"@material/animation@6.0.0-canary.35a32aaea.0":
  version "6.0.0-canary.35a32aaea.0"
  resolved "https://registry.yarnpkg.com/@material/animation/-/animation-6.0.0-canary.35a32aaea.0.tgz#a709f7de7f4255fdd97ef69a0fa35b6214152b6c"
  integrity sha512-UNdA/ndQYssWv6jOqAHXL4QaeI3OfC3j/bGikFsJ17nrSoo10G3d8wQSebw+ZS2wqsXp6jOu0iMDId6acZoO5w==
  dependencies:
    tslib "^1.9.3"

"@material/animation@^6.0.0":
  version "6.0.0"
  resolved "https://registry.yarnpkg.com/@material/animation/-/animation-6.0.0.tgz#ec8c8bd48e069bb35bb6aa76d944f89d35cc74fa"
  integrity sha512-BxlzXzQ5W2WtaEVV4/PqkTpKB5PfOUvPmr1EK8+xQ0ouMV4qiWuwBfnu7DgXF+cglpFP3T71uHVYmh6lMdi4vg==
  dependencies:
    tslib "^1.9.3"

"@material/base@6.0.0-canary.35a32aaea.0", "@material/base@=6.0.0-canary.35a32aaea.0":
  version "6.0.0-canary.35a32aaea.0"
  resolved "https://registry.yarnpkg.com/@material/base/-/base-6.0.0-canary.35a32aaea.0.tgz#d80d83d881c3d0eb9ab7fdb4d782cfe4f8b1bdd8"
  integrity sha512-QE3rF3KP9HJet8Jpok9eFWK1F2n3JJKhP0qyjR+n1llgcoBtEIGShA8+wkixeCUS8rVgpWRNyppuqg8lft/WeQ==
  dependencies:
    tslib "^1.9.3"

"@material/base@^6.0.0":
  version "6.0.0"
  resolved "https://registry.yarnpkg.com/@material/base/-/base-6.0.0.tgz#e1208f9e83a4e8d8c4e17745d9c909aa4aada625"
  integrity sha512-S3rT7B9xa9IfHXIvYXYqbo6YVu9FWbFqTt1tMUCniizTRlpmHu9b5pmQ20f6mm3K3wAFD+crqsrtie2Y8h8r5g==
  dependencies:
    tslib "^1.9.3"

"@material/density@^6.0.0":
  version "6.0.0"
  resolved "https://registry.yarnpkg.com/@material/density/-/density-6.0.0.tgz#9731d9b981f9b5fd92780812c8382f144ba2494d"
  integrity sha512-svKiq7XtUg89hf08XGFF46NdiQAZfey5CiatmNxD3WX7LUoCb5zc8K9BqPL63P1Sh6kty9R0AHj+6w4ASFetPA==

"@material/dom@6.0.0-canary.35a32aaea.0", "@material/dom@=6.0.0-canary.35a32aaea.0":
  version "6.0.0-canary.35a32aaea.0"
  resolved "https://registry.yarnpkg.com/@material/dom/-/dom-6.0.0-canary.35a32aaea.0.tgz#f22a36c62a960aed5289319d37b91d27db1e29c2"
  integrity sha512-QoOQhYwZZ0F+tE7Mci92p8zY4iDsDZxIHZgO191o0zEdGROM6vTB3VupUwBn+5IdSKzblvxNsO6BblfMNmYpsw==
  dependencies:
    tslib "^1.9.3"

"@material/dom@^6.0.0":
  version "6.0.0"
  resolved "https://registry.yarnpkg.com/@material/dom/-/dom-6.0.0.tgz#4f59993b65bc1921f680d5b5eb1c1ff084823dda"
  integrity sha512-9hvoi3MxR25dmyv15xJGRS+Ezlr0oD+Y6k4UyAbLpExFP2OakTZc8Xj0Fd7Nwav3I5aIXyC5jJ2gvhZcy1cI9A==
  dependencies:
    "@material/feature-targeting" "^6.0.0"
    tslib "^1.9.3"

"@material/feature-targeting@6.0.0-canary.35a32aaea.0":
  version "6.0.0-canary.35a32aaea.0"
  resolved "https://registry.yarnpkg.com/@material/feature-targeting/-/feature-targeting-6.0.0-canary.35a32aaea.0.tgz#befa2d78705a08b92bc85695128e81fb3504bbbb"
  integrity sha512-qJbELPsZZ7D+SlRpz7LCpc3SKzsbE8a11PB8/RlpKqTk2h5+n+efy2J7Et2V2hJxwtR91D4JSN31tmNtxchMGA==

"@material/feature-targeting@^6.0.0":
  version "6.0.0"
  resolved "https://registry.yarnpkg.com/@material/feature-targeting/-/feature-targeting-6.0.0.tgz#8dcfc470f3c5b8c7e1bc04bb86b062a640ff03a0"
  integrity sha512-REj9VJnqkGwpngffc/iHGPt8WTF27QFPWDD8VBNXaP+MmnpIu7V5q5JMoozKzG5uk+hVryzam1i2PJHztizDXg==

"@material/floating-label@^6.0.0":
  version "6.0.0"
  resolved "https://registry.yarnpkg.com/@material/floating-label/-/floating-label-6.0.0.tgz#f5d0020c452d2aa4747cbec8e992eb9258498f25"
  integrity sha512-hLCsJKAJtVUUcxTbphqn6JZTbkOa3TW5nLgcwcgWqTbjOWOafppnplKELeM+6oDvwg/YDcGSsvuPUOsCMRiXvw==
  dependencies:
    "@material/animation" "^6.0.0"
    "@material/base" "^6.0.0"
    "@material/dom" "^6.0.0"
    "@material/feature-targeting" "^6.0.0"
    "@material/rtl" "^6.0.0"
    "@material/theme" "^6.0.0"
    "@material/typography" "^6.0.0"
    tslib "^1.9.3"

"@material/line-ripple@^6.0.0":
  version "6.0.0"
  resolved "https://registry.yarnpkg.com/@material/line-ripple/-/line-ripple-6.0.0.tgz#697ad16ebc806cf6ae4044106947769ed108bf32"
  integrity sha512-LppQy+bnkAD+tyGOA6/GzE4/xBGRzvJNGJZe0OvClerBxM9yOtxd8Xa8VJ+ul1hTNR/OCB2HSTWNQq5fyqTQHg==
  dependencies:
    "@material/animation" "^6.0.0"
    "@material/base" "^6.0.0"
    "@material/feature-targeting" "^6.0.0"
    "@material/theme" "^6.0.0"
    tslib "^1.9.3"

"@material/mwc-base@^0.14.1":
  version "0.14.1"
  resolved "https://registry.yarnpkg.com/@material/mwc-base/-/mwc-base-0.14.1.tgz#7e1923919b5b672902af2e562426abff3fb73f1a"
  integrity sha512-9EHP5Q2tQntiu6K92mn5G5gakmcuituHmz0NPvzAW34RnrMV81UevwfLLZwUiy51pm52hd5/viLXVt/WlL6bDg==
  dependencies:
    "@material/base" "=6.0.0-canary.35a32aaea.0"
    "@material/dom" "=6.0.0-canary.35a32aaea.0"
    "@material/ripple" "=6.0.0-canary.35a32aaea.0"
    lit-element "^2.3.0"
    tslib "^1.10.0"

"@material/mwc-icon@^0.14.1":
  version "0.14.1"
  resolved "https://registry.yarnpkg.com/@material/mwc-icon/-/mwc-icon-0.14.1.tgz#7ca8dbf7a60b559ddf6f72056078c612fe34e3da"
  integrity sha512-vjhmww/v2M4YVuPq5NhzoxyMBuJi1+CEKnfgdptqP2VT3oxjZKggQYqm/TlTTzHcRxOxhqmbcgfji7qosnzgfw==
  dependencies:
    "@material/mwc-base" "^0.14.1"
    lit-element "^2.3.0"
    tslib "^1.10.0"

"@material/notched-outline@^6.0.0":
  version "6.0.0"
  resolved "https://registry.yarnpkg.com/@material/notched-outline/-/notched-outline-6.0.0.tgz#64e05872b0c7af7572474380a821c3341ce53fee"
  integrity sha512-fSn/3rQblUmFny3qeCnWgXkQyV+nfpuXmPhf41cjUlu28TnTKA2YayL+vg8Ebi97l6osAFaT/1dEaebvpwebaQ==
  dependencies:
    "@material/base" "^6.0.0"
    "@material/feature-targeting" "^6.0.0"
    "@material/floating-label" "^6.0.0"
    "@material/rtl" "^6.0.0"
    "@material/shape" "^6.0.0"
    "@material/theme" "^6.0.0"
    tslib "^1.9.3"

"@material/ripple@=6.0.0-canary.35a32aaea.0":
  version "6.0.0-canary.35a32aaea.0"
  resolved "https://registry.yarnpkg.com/@material/ripple/-/ripple-6.0.0-canary.35a32aaea.0.tgz#1edb4501d49c21d0610907cc89278019615723e8"
  integrity sha512-0ZogedoMGKgBZQ8pbHNb6gudWu6KjIRRP8kEJYT8h4EIUUVC6NypHwJVBz7l+UzHPaXVUWdSQnQclHmtP7LuYg==
  dependencies:
    "@material/animation" "6.0.0-canary.35a32aaea.0"
    "@material/base" "6.0.0-canary.35a32aaea.0"
    "@material/dom" "6.0.0-canary.35a32aaea.0"
    "@material/feature-targeting" "6.0.0-canary.35a32aaea.0"
    "@material/theme" "6.0.0-canary.35a32aaea.0"
    tslib "^1.9.3"

"@material/ripple@^6.0.0":
  version "6.0.0"
  resolved "https://registry.yarnpkg.com/@material/ripple/-/ripple-6.0.0.tgz#97e08b79ca9d63fdc2a9383f47576fca0615fc87"
  integrity sha512-z+ARpjBVkRZBhiX20aAxAMrgBcfpcCRqIcI/E3Esfyo7M+q/mm8t92ZumcahxWnOBJkHM55kkpUqHlfkYlfyZQ==
  dependencies:
    "@material/animation" "^6.0.0"
    "@material/base" "^6.0.0"
    "@material/dom" "^6.0.0"
    "@material/feature-targeting" "^6.0.0"
    "@material/theme" "^6.0.0"
    tslib "^1.9.3"

"@material/rtl@^6.0.0":
  version "6.0.0"
  resolved "https://registry.yarnpkg.com/@material/rtl/-/rtl-6.0.0.tgz#e8114194af72f7496ca2fc5b4ee63981c46f5066"
  integrity sha512-/WkzlUm3qylWMqv7Lw7ColZ8DYvEvTXtevxxz7PKM1hT9FNlbO1/Qywvda4VUtXivEeynXEqeT1T/ZYHV9yDVw==

"@material/shape@^6.0.0":
  version "6.0.0"
  resolved "https://registry.yarnpkg.com/@material/shape/-/shape-6.0.0.tgz#ac81470b2fcc160cbcf2f6b2ce933c0598046f8f"
  integrity sha512-tZT9GGWI3QcOtyfJ07Hc3noP2b5Bvx2npx/aj+k7gEIkE06mzr08dVnVOup8z8HbHWIenxRJgdeF5+lAfBE3vw==
  dependencies:
    "@material/feature-targeting" "^6.0.0"
    "@material/rtl" "^6.0.0"

"@material/textfield@^6.0.0":
  version "6.0.0"
  resolved "https://registry.yarnpkg.com/@material/textfield/-/textfield-6.0.0.tgz#6d66157b3ff37f84c0043c3bba65df4b1c464902"
  integrity sha512-BZAdsVYilstY4rvHxb0n/Vgs4/IcAO7U5dpcLDRWJlvOtbtfxNl4C5HuSaVUz7Mxr7+HhZAZfz3GkC1YY9XeEQ==
  dependencies:
    "@material/animation" "^6.0.0"
    "@material/base" "^6.0.0"
    "@material/density" "^6.0.0"
    "@material/dom" "^6.0.0"
    "@material/feature-targeting" "^6.0.0"
    "@material/floating-label" "^6.0.0"
    "@material/line-ripple" "^6.0.0"
    "@material/notched-outline" "^6.0.0"
    "@material/ripple" "^6.0.0"
    "@material/rtl" "^6.0.0"
    "@material/shape" "^6.0.0"
    "@material/theme" "^6.0.0"
    "@material/typography" "^6.0.0"
    tslib "^1.9.3"

"@material/theme@6.0.0-canary.35a32aaea.0":
  version "6.0.0-canary.35a32aaea.0"
  resolved "https://registry.yarnpkg.com/@material/theme/-/theme-6.0.0-canary.35a32aaea.0.tgz#242cc02cccd0b227eea1c73761053ed40e5e173e"
  integrity sha512-DXz4aBBWiI4F9R/LA2/SlP/faX7gQboPE4zMqHUFRX8pRotMRUwPUFMPDsNI4wUcHRTvL5TtN1CRT/BvEXFoTQ==
  dependencies:
    "@material/feature-targeting" "6.0.0-canary.35a32aaea.0"

"@material/theme@^6.0.0":
  version "6.0.0"
  resolved "https://registry.yarnpkg.com/@material/theme/-/theme-6.0.0.tgz#35da34965737e556b35670bfe4830de0a6d1ab9a"
  integrity sha512-dViBx1lsidoQhVi/MYksTmDs8aUPj3mPVQIaBPtDRtqpIuWSwG7bCHoY8rG8FHRduPLpq3b1A4OwKHBd0RWVJw==
  dependencies:
    "@material/feature-targeting" "^6.0.0"

"@material/typography@^6.0.0":
  version "6.0.0"
  resolved "https://registry.yarnpkg.com/@material/typography/-/typography-6.0.0.tgz#01e3f7aa9b98acdee911479de45c7386b7334da7"
  integrity sha512-+4UUEYOxINMRUdyAltd1HFydjAy+MeXqUkFUXXNVsi5nFlpGTpMrxriwVaeL++XlGgvziJjDzaOe6S7zkwYxOQ==
  dependencies:
    "@material/feature-targeting" "^6.0.0"
    "@material/theme" "^6.0.0"

lit-element@^2.3.0, lit-element@^2.3.1:
  version "2.3.1"
  resolved "https://registry.yarnpkg.com/lit-element/-/lit-element-2.3.1.tgz#73343b978fa1e73d60526c6bb6ad60f53a16c343"
  integrity sha512-tOcUAmeO3BzwiQ7FGWdsshNvC0HVHcTFYw/TLIImmKwXYoV0E7zCBASa8IJ7DiP4cen/Yoj454gS0qqTnIGsFA==
  dependencies:
    lit-html "^1.1.1"

lit-html@^1.1.1:
  version "1.2.1"
  resolved "https://registry.yarnpkg.com/lit-html/-/lit-html-1.2.1.tgz#1fb933dc1e2ddc095f60b8086277d4fcd9d62cc8"
  integrity sha512-GSJHHXMGLZDzTRq59IUfL9FCdAlGfqNp/dEa7k7aBaaWD+JKaCjsAk9KYm2V12ItonVaYx2dprN66Zdm1AuBTQ==

tslib@^1.10.0, tslib@^1.9.3:
  version "1.13.0"
  resolved "https://registry.yarnpkg.com/tslib/-/tslib-1.13.0.tgz#c881e13cc7015894ed914862d276436fa9a47043"
  integrity sha512-i/6DQjL8Xf3be4K/E6Wgpekn5Qasl1usyw++dAA35Ue5orEn65VIxOA+YvNNl9HV3qv70T7CNwjODHZrLwvd1Q==
